
Microsoft Visual Studio Solution File, Format Version 12.00
# Visual Studio Version 17
VisualStudioVersion = 17.6.33723.286
MinimumVisualStudioVersion = 10.0.40219.1
Project("{9A19103F-16F7-4668-BE54-9A1E7A4F7556}") = "CAT-main", "CAT-main\CAT-main.csproj", "{8EBEE1CB-4A70-4F32-BB74-19A2B527A158}"
EndProject
Project("{9A19103F-16F7-4668-BE54-9A1E7A4F7556}") = "CAT-OnlineEditor", "CAT-onlineEditor\CAT-OnlineEditor.csproj", "{4AB1BCA8-4B06-481F-A35D-32E820FFC6D4}"
EndProject
Project("{9A19103F-16F7-4668-BE54-9A1E7A4F7556}") = "CAT-service", "CAT-service\CAT-service.csproj", "{3465E0C0-4098-46AE-B151-8277C7110E0A}"
EndProject
Project("{9A19103F-16F7-4668-BE54-9A1E7A4F7556}") = "CAT-shared", "CAT-shared\CAT-shared.csproj", "{BCDEEF52-37AE-46A6-A439-250403E52E13}"
EndProject
Project("{2150E333-8FDC-42A3-9474-1A3956D46DE8}") = "Tests", "Tests", "{37C200CC-56A0-4B8A-BB41-30612281A3E7}"
EndProject
Project("{2150E333-8FDC-42A3-9474-1A3956D46DE8}") = "IntegrationTests", "IntegrationTests", "{1557AA42-77DD-4EC4-8A3D-37D921C2FE07}"
EndProject
Project("{2150E333-8FDC-42A3-9474-1A3956D46DE8}") = "UnitTests", "UnitTests", "{732581BE-0BAB-4930-8D70-2E0096D4241D}"
EndProject
Project("{2150E333-8FDC-42A3-9474-1A3956D46DE8}") = "CAT-main-tests", "CAT-main-tests", "{22FB3F16-9CA3-43C0-A288-340DBD9403D6}"
EndProject
Project("{2150E333-8FDC-42A3-9474-1A3956D46DE8}") = "CAT-service-test", "CAT-service-test", "{8E9BBE6F-9DB6-4859-A2C6-12DBD6DB05D8}"
EndProject
Project("{2150E333-8FDC-42A3-9474-1A3956D46DE8}") = "CAT-main.UnitTests", "CAT-main.UnitTests", "{9BDDC3DC-9439-4488-980D-E130D3BE1042}"
EndProject
Project("{2150E333-8FDC-42A3-9474-1A3956D46DE8}") = "CAT-onlineEditor.UnitTests", "CAT-onlineEditor.UnitTests", "{B8629DED-4BF7-47E9-A08D-414F77037565}"
EndProject
Project("{2150E333-8FDC-42A3-9474-1A3956D46DE8}") = "CAT-service.UnitTests", "CAT-service.UnitTests", "{AB1B1373-CB41-4A1D-8F5D-976D0B5E7E8C}"
EndProject
Project("{9A19103F-16F7-4668-BE54-9A1E7A4F7556}") = "CAT-main-tests", "Tests\Integration\CAT-main-tests\CAT-main-tests.csproj", "{29090302-1148-4A2F-BBDC-340329A200D2}"
EndProject
Project("{9A19103F-16F7-4668-BE54-9A1E7A4F7556}") = "CAT-service-test", "Tests\Integration\CAT-service-test\CAT-service-test.csproj", "{ECD71CB8-949D-4B87-A6BD-33D7F4DFA467}"
EndProject
Project("{9A19103F-16F7-4668-BE54-9A1E7A4F7556}") = "CAT-main.UnitTests", "Tests\UnitTests\CAT-main.UnitTests\CAT-main.UnitTests.csproj", "{121CF343-9879-49D2-9C27-42EB61E951DD}"
EndProject
Project("{9A19103F-16F7-4668-BE54-9A1E7A4F7556}") = "CAT-onlineEditor.UnitTests", "Tests\UnitTests\CAT-onlineEditor.UnitTests\CAT-onlineEditor.UnitTests.csproj", "{32040EAA-0F63-4201-B233-95EB8920CF72}"
EndProject
Project("{9A19103F-16F7-4668-BE54-9A1E7A4F7556}") = "CAT-service.UnitTests", "Tests\UnitTests\CAT-service.UnitTests\CAT-service.UnitTests.csproj", "{EC8B9602-2F11-48DC-9690-287BFBC088D4}"
EndProject
Global
	GlobalSection(SolutionConfigurationPlatforms) = preSolution
		Debug|Any CPU = Debug|Any CPU
		Release|Any CPU = Release|Any CPU
	EndGlobalSection
	GlobalSection(ProjectConfigurationPlatforms) = postSolution
		{8EBEE1CB-4A70-4F32-BB74-19A2B527A158}.Debug|Any CPU.ActiveCfg = Debug|Any CPU
		{8EBEE1CB-4A70-4F32-BB74-19A2B527A158}.Debug|Any CPU.Build.0 = Debug|Any CPU
		{8EBEE1CB-4A70-4F32-BB74-19A2B527A158}.Release|Any CPU.ActiveCfg = Release|Any CPU
		{8EBEE1CB-4A70-4F32-BB74-19A2B527A158}.Release|Any CPU.Build.0 = Release|Any CPU
		{4AB1BCA8-4B06-481F-A35D-32E820FFC6D4}.Debug|Any CPU.ActiveCfg = Debug|Any CPU
		{4AB1BCA8-4B06-481F-A35D-32E820FFC6D4}.Debug|Any CPU.Build.0 = Debug|Any CPU
		{4AB1BCA8-4B06-481F-A35D-32E820FFC6D4}.Release|Any CPU.ActiveCfg = Release|Any CPU
		{4AB1BCA8-4B06-481F-A35D-32E820FFC6D4}.Release|Any CPU.Build.0 = Release|Any CPU
		{3465E0C0-4098-46AE-B151-8277C7110E0A}.Debug|Any CPU.ActiveCfg = Debug|Any CPU
		{3465E0C0-4098-46AE-B151-8277C7110E0A}.Debug|Any CPU.Build.0 = Debug|Any CPU
		{3465E0C0-4098-46AE-B151-8277C7110E0A}.Release|Any CPU.ActiveCfg = Release|Any CPU
		{3465E0C0-4098-46AE-B151-8277C7110E0A}.Release|Any CPU.Build.0 = Release|Any CPU
		{BCDEEF52-37AE-46A6-A439-250403E52E13}.Debug|Any CPU.ActiveCfg = Debug|Any CPU
		{BCDEEF52-37AE-46A6-A439-250403E52E13}.Debug|Any CPU.Build.0 = Debug|Any CPU
		{BCDEEF52-37AE-46A6-A439-250403E52E13}.Release|Any CPU.ActiveCfg = Release|Any CPU
		{BCDEEF52-37AE-46A6-A439-250403E52E13}.Release|Any CPU.Build.0 = Release|Any CPU
		{29090302-1148-4A2F-BBDC-340329A200D2}.Debug|Any CPU.ActiveCfg = Debug|Any CPU
		{29090302-1148-4A2F-BBDC-340329A200D2}.Debug|Any CPU.Build.0 = Debug|Any CPU
		{29090302-1148-4A2F-BBDC-340329A200D2}.Release|Any CPU.ActiveCfg = Release|Any CPU
		{29090302-1148-4A2F-BBDC-340329A200D2}.Release|Any CPU.Build.0 = Release|Any CPU
		{ECD71CB8-949D-4B87-A6BD-33D7F4DFA467}.Debug|Any CPU.ActiveCfg = Debug|Any CPU
		{ECD71CB8-949D-4B87-A6BD-33D7F4DFA467}.Debug|Any CPU.Build.0 = Debug|Any CPU
		{ECD71CB8-949D-4B87-A6BD-33D7F4DFA467}.Release|Any CPU.ActiveCfg = Release|Any CPU
		{ECD71CB8-949D-4B87-A6BD-33D7F4DFA467}.Release|Any CPU.Build.0 = Release|Any CPU
		{121CF343-9879-49D2-9C27-42EB61E951DD}.Debug|Any CPU.ActiveCfg = Debug|Any CPU
		{121CF343-9879-49D2-9C27-42EB61E951DD}.Debug|Any CPU.Build.0 = Debug|Any CPU
		{121CF343-9879-49D2-9C27-42EB61E951DD}.Release|Any CPU.ActiveCfg = Release|Any CPU
		{121CF343-9879-49D2-9C27-42EB61E951DD}.Release|Any CPU.Build.0 = Release|Any CPU
		{32040EAA-0F63-4201-B233-95EB8920CF72}.Debug|Any CPU.ActiveCfg = Debug|Any CPU
		{32040EAA-0F63-4201-B233-95EB8920CF72}.Debug|Any CPU.Build.0 = Debug|Any CPU
		{32040EAA-0F63-4201-B233-95EB8920CF72}.Release|Any CPU.ActiveCfg = Release|Any CPU
		{32040EAA-0F63-4201-B233-95EB8920CF72}.Release|Any CPU.Build.0 = Release|Any CPU
		{EC8B9602-2F11-48DC-9690-287BFBC088D4}.Debug|Any CPU.ActiveCfg = Debug|Any CPU
		{EC8B9602-2F11-48DC-9690-287BFBC088D4}.Debug|Any CPU.Build.0 = Debug|Any CPU
		{EC8B9602-2F11-48DC-9690-287BFBC088D4}.Release|Any CPU.ActiveCfg = Release|Any CPU
		{EC8B9602-2F11-48DC-9690-287BFBC088D4}.Release|Any CPU.Build.0 = Release|Any CPU
	EndGlobalSection
	GlobalSection(SolutionProperties) = preSolution
		HideSolutionNode = FALSE
	EndGlobalSection
	GlobalSection(NestedProjects) = preSolution
		{1557AA42-77DD-4EC4-8A3D-37D921C2FE07} = {37C200CC-56A0-4B8A-BB41-30612281A3E7}
		{732581BE-0BAB-4930-8D70-2E0096D4241D} = {37C200CC-56A0-4B8A-BB41-30612281A3E7}
		{22FB3F16-9CA3-43C0-A288-340DBD9403D6} = {1557AA42-77DD-4EC4-8A3D-37D921C2FE07}
		{8E9BBE6F-9DB6-4859-A2C6-12DBD6DB05D8} = {1557AA42-77DD-4EC4-8A3D-37D921C2FE07}
		{9BDDC3DC-9439-4488-980D-E130D3BE1042} = {732581BE-0BAB-4930-8D70-2E0096D4241D}
		{B8629DED-4BF7-47E9-A08D-414F77037565} = {732581BE-0BAB-4930-8D70-2E0096D4241D}
		{AB1B1373-CB41-4A1D-8F5D-976D0B5E7E8C} = {732581BE-0BAB-4930-8D70-2E0096D4241D}
		{29090302-1148-4A2F-BBDC-340329A200D2} = {22FB3F16-9CA3-43C0-A288-340DBD9403D6}
		{ECD71CB8-949D-4B87-A6BD-33D7F4DFA467} = {8E9BBE6F-9DB6-4859-A2C6-12DBD6DB05D8}
		{121CF343-9879-49D2-9C27-42EB61E951DD} = {9BDDC3DC-9439-4488-980D-E130D3BE1042}
		{32040EAA-0F63-4201-B233-95EB8920CF72} = {B8629DED-4BF7-47E9-A08D-414F77037565}
		{EC8B9602-2F11-48DC-9690-287BFBC088D4} = {AB1B1373-CB41-4A1D-8F5D-976D0B5E7E8C}
	EndGlobalSection
	GlobalSection(ExtensibilityGlobals) = postSolution
		SolutionGuid = {445FA939-7914-47A5-88AB-5DF2371C1DDE}
	EndGlobalSection
EndGlobal
