
Microsoft Visual Studio Solution File, Format Version 12.00
# Visual Studio Version 17
VisualStudioVersion = 17.6.33723.286
MinimumVisualStudioVersion = 10.0.40219.1
Project("{9A19103F-16F7-4668-BE54-9A1E7A4F7556}") = "CAT-main", "CAT-main\CAT-main.csproj", "{8EBEE1CB-4A70-4F32-BB74-19A2B527A158}"
EndProject
Project("{9A19103F-16F7-4668-BE54-9A1E7A4F7556}") = "CAT-OnlineEditor", "CAT-onlineEditor\CAT-OnlineEditor.csproj", "{4AB1BCA8-4B06-481F-A35D-32E820FFC6D4}"
EndProject
Project("{9A19103F-16F7-4668-BE54-9A1E7A4F7556}") = "CAT-main-tests", "CAT-main-tests\CAT-main-tests.csproj", "{9900F8F0-6ECC-4324-BCD7-091AA498DE45}"
EndProject
Project("{FAE04EC0-301F-11D3-BF4B-00C04F79EFBC}") = "CAT-service", "CAT-service\CAT-service.csproj", "{6AC6BFAD-198E-4D48-B81F-551A9598D14A}"
EndProject
Project("{2150E333-8FDC-42A3-9474-1A3956D46DE8}") = "Lucene.Net", "Lucene.Net", "{42CA1121-3876-474E-B8CB-5DD535B16180}"
EndProject
Project("{9A19103F-16F7-4668-BE54-9A1E7A4F7556}") = "Lucene.Net.Analysis.Common", "Lucene.Net\src\Lucene.Net.Analysis.Common\Lucene.Net.Analysis.Common.csproj", "{99DC069F-DC79-4B99-897B-8F02E5A01281}"
EndProject
Project("{9A19103F-16F7-4668-BE54-9A1E7A4F7556}") = "Lucene.Net", "Lucene.Net\src\Lucene.Net\Lucene.Net.csproj", "{C57C2EB6-7283-49D9-BDA1-8B84640ED588}"
EndProject
Global
	GlobalSection(SolutionConfigurationPlatforms) = preSolution
		Debug|Any CPU = Debug|Any CPU
		Release|Any CPU = Release|Any CPU
	EndGlobalSection
	GlobalSection(ProjectConfigurationPlatforms) = postSolution
		{8EBEE1CB-4A70-4F32-BB74-19A2B527A158}.Debug|Any CPU.ActiveCfg = Debug|Any CPU
		{8EBEE1CB-4A70-4F32-BB74-19A2B527A158}.Debug|Any CPU.Build.0 = Debug|Any CPU
		{8EBEE1CB-4A70-4F32-BB74-19A2B527A158}.Release|Any CPU.ActiveCfg = Release|Any CPU
		{8EBEE1CB-4A70-4F32-BB74-19A2B527A158}.Release|Any CPU.Build.0 = Release|Any CPU
		{4AB1BCA8-4B06-481F-A35D-32E820FFC6D4}.Debug|Any CPU.ActiveCfg = Debug|Any CPU
		{4AB1BCA8-4B06-481F-A35D-32E820FFC6D4}.Debug|Any CPU.Build.0 = Debug|Any CPU
		{4AB1BCA8-4B06-481F-A35D-32E820FFC6D4}.Release|Any CPU.ActiveCfg = Release|Any CPU
		{4AB1BCA8-4B06-481F-A35D-32E820FFC6D4}.Release|Any CPU.Build.0 = Release|Any CPU
		{9900F8F0-6ECC-4324-BCD7-091AA498DE45}.Debug|Any CPU.ActiveCfg = Debug|Any CPU
		{9900F8F0-6ECC-4324-BCD7-091AA498DE45}.Debug|Any CPU.Build.0 = Debug|Any CPU
		{9900F8F0-6ECC-4324-BCD7-091AA498DE45}.Release|Any CPU.ActiveCfg = Release|Any CPU
		{9900F8F0-6ECC-4324-BCD7-091AA498DE45}.Release|Any CPU.Build.0 = Release|Any CPU
		{6AC6BFAD-198E-4D48-B81F-551A9598D14A}.Debug|Any CPU.ActiveCfg = Debug|Any CPU
		{6AC6BFAD-198E-4D48-B81F-551A9598D14A}.Debug|Any CPU.Build.0 = Debug|Any CPU
		{6AC6BFAD-198E-4D48-B81F-551A9598D14A}.Release|Any CPU.ActiveCfg = Release|Any CPU
		{6AC6BFAD-198E-4D48-B81F-551A9598D14A}.Release|Any CPU.Build.0 = Release|Any CPU
		{99DC069F-DC79-4B99-897B-8F02E5A01281}.Debug|Any CPU.ActiveCfg = Debug|Any CPU
		{99DC069F-DC79-4B99-897B-8F02E5A01281}.Debug|Any CPU.Build.0 = Debug|Any CPU
		{99DC069F-DC79-4B99-897B-8F02E5A01281}.Release|Any CPU.ActiveCfg = Release|Any CPU
		{99DC069F-DC79-4B99-897B-8F02E5A01281}.Release|Any CPU.Build.0 = Release|Any CPU
		{C57C2EB6-7283-49D9-BDA1-8B84640ED588}.Debug|Any CPU.ActiveCfg = Debug|Any CPU
		{C57C2EB6-7283-49D9-BDA1-8B84640ED588}.Debug|Any CPU.Build.0 = Debug|Any CPU
		{C57C2EB6-7283-49D9-BDA1-8B84640ED588}.Release|Any CPU.ActiveCfg = Release|Any CPU
		{C57C2EB6-7283-49D9-BDA1-8B84640ED588}.Release|Any CPU.Build.0 = Release|Any CPU
	EndGlobalSection
	GlobalSection(SolutionProperties) = preSolution
		HideSolutionNode = FALSE
	EndGlobalSection
	GlobalSection(NestedProjects) = preSolution
		{99DC069F-DC79-4B99-897B-8F02E5A01281} = {42CA1121-3876-474E-B8CB-5DD535B16180}
		{C57C2EB6-7283-49D9-BDA1-8B84640ED588} = {42CA1121-3876-474E-B8CB-5DD535B16180}
	EndGlobalSection
	GlobalSection(ExtensibilityGlobals) = postSolution
		SolutionGuid = {445FA939-7914-47A5-88AB-5DF2371C1DDE}
	EndGlobalSection
EndGlobal
