
Microsoft Visual Studio Solution File, Format Version 12.00
# Visual Studio Version 17
VisualStudioVersion = 17.6.33723.286
MinimumVisualStudioVersion = 10.0.40219.1
Project("{9A19103F-16F7-4668-BE54-9A1E7A4F7556}") = "CAT-web", "CAT-web.csproj", "{95C86275-0479-4EDF-9499-2054304A1BEF}"
EndProject
Global
	GlobalSection(SolutionConfigurationPlatforms) = preSolution
		Debug|Any CPU = Debug|Any CPU
		Release|Any CPU = Release|Any CPU
	EndGlobalSection
	GlobalSection(ProjectConfigurationPlatforms) = postSolution
		{95C86275-0479-4EDF-9499-2054304A1BEF}.Debug|Any CPU.ActiveCfg = Debug|Any CPU
		{95C86275-0479-4EDF-9499-2054304A1BEF}.Debug|Any CPU.Build.0 = Debug|Any CPU
		{95C86275-0479-4EDF-9499-2054304A1BEF}.Release|Any CPU.ActiveCfg = Release|Any CPU
		{95C86275-0479-4EDF-9499-2054304A1BEF}.Release|Any CPU.Build.0 = Release|Any CPU
	EndGlobalSection
	GlobalSection(SolutionProperties) = preSolution
		HideSolutionNode = FALSE
	EndGlobalSection
	GlobalSection(ExtensibilityGlobals) = postSolution
		SolutionGuid = {445FA939-7914-47A5-88AB-5DF2371C1DDE}
	EndGlobalSection
EndGlobal
